
Microsoft Visual Studio Solution File, Format Version 12.00
# Visual Studio Version 17
VisualStudioVersion = 17.8.34330.188
MinimumVisualStudioVersion = 10.0.40219.1
Project("{FAE04EC0-301F-11D3-BF4B-00C04F79EFBC}") = "VSMS", "VSMS.csproj", "{3D11494C-6551-4E81-8DB5-1B2592AF1E9A}"
EndProject
Global
	GlobalSection(SolutionConfigurationPlatforms) = preSolution
		Debug|Any CPU = Debug|Any CPU
		Release|Any CPU = Release|Any CPU
	EndGlobalSection
	GlobalSection(ProjectConfigurationPlatforms) = postSolution
		{3D11494C-6551-4E81-8DB5-1B2592AF1E9A}.Debug|Any CPU.ActiveCfg = Debug|Any CPU
		{3D11494C-6551-4E81-8DB5-1B2592AF1E9A}.Debug|Any CPU.Build.0 = Debug|Any CPU
		{3D11494C-6551-4E81-8DB5-1B2592AF1E9A}.Release|Any CPU.ActiveCfg = Release|Any CPU
		{3D11494C-6551-4E81-8DB5-1B2592AF1E9A}.Release|Any CPU.Build.0 = Release|Any CPU
	EndGlobalSection
	GlobalSection(SolutionProperties) = preSolution
		HideSolutionNode = FALSE
	EndGlobalSection
	GlobalSection(ExtensibilityGlobals) = postSolution
		SolutionGuid = {62CBE9EB-7911-4AD1-9CA8-1EFC08B37B1C}
	EndGlobalSection
EndGlobal
